lockfileVersion: 5.4

importers:

  .:
    specifiers:
      axios: ^0.27.2
      cheerio: 1.0.0-rc.12
      fs-extra: ^10.1.0
      ora: 5.1.0
    dependencies:
      axios: registry.npmjs.org/axios/0.27.2
      cheerio: registry.npmjs.org/cheerio/1.0.0-rc.12
      fs-extra: registry.npmjs.org/fs-extra/10.1.0
      ora: registry.npmjs.org/ora/5.1.0

packages:

  registry.npmjs.org/ansi-regex/5.0.1:
    resolution: {integrity: sha512-quJQXlTSUGL2LH9SUXo8VwsY4soanhgo6LNSm84E1LBcE8s3O0wpdiRzyR9z/ZZJMlMWv37qOOb9pdJlMUEKFQ==, registry: https://registry.yarnpkg.com/, tarball: https://registry.npmjs.org/ansi-regex/-/ansi-regex-5.0.1.tgz}
    name: ansi-regex
    version: 5.0.1
    engines: {node: '>=8'}
    dev: false

  registry.npmjs.org/ansi-styles/4.3.0:
    resolution: {integrity: sha512-zbB9rCJAT1rbjiVDb2hqKFHNYLxgtk8NURxZ3IZwD3F6NtxbXZQCnnSi1Lkx+IDohdPlFp222wVALIheZJQSEg==, registry: https://registry.yarnpkg.com/, tarball: https://registry.npmjs.org/ansi-styles/-/ansi-styles-4.3.0.tgz}
    name: ansi-styles
    version: 4.3.0
    engines: {node: '>=8'}
    dependencies:
      color-convert: registry.npmjs.org/color-convert/2.0.1
    dev: false

  registry.npmjs.org/asynckit/0.4.0:
    resolution: {integrity: sha512-Oei9OH4tRh0YqU3GxhX79dM/mwVgvbZJaSNaRk+bshkj0S5cfHcgYakreBjrHwatXKbz+IoIdYLxrKim2MjW0Q==, registry: https://registry.yarnpkg.com/, tarball: https://registry.npmjs.org/asynckit/-/asynckit-0.4.0.tgz}
    name: asynckit
    version: 0.4.0
    dev: false

  registry.npmjs.org/axios/0.27.2:
    resolution: {integrity: sha512-t+yRIyySRTp/wua5xEr+z1q60QmLq8ABsS5O9Me1AsE5dfKqgnCFzwiCZZ/cGNd1lq4/7akDWMxdhVlucjmnOQ==, registry: https://registry.yarnpkg.com/, tarball: https://registry.npmjs.org/axios/-/axios-0.27.2.tgz}
    name: axios
    version: 0.27.2
    dependencies:
      follow-redirects: registry.npmjs.org/follow-redirects/1.15.1
      form-data: registry.npmjs.org/form-data/4.0.0
    transitivePeerDependencies:
      - debug
    dev: false

  registry.npmjs.org/boolbase/1.0.0:
    resolution: {integrity: sha512-JZOSA7Mo9sNGB8+UjSgzdLtokWAky1zbztM3WRLCbZ70/3cTANmQmOdR7y2g+J0e2WXywy1yS468tY+IruqEww==, registry: https://registry.yarnpkg.com/, tarball: https://registry.npmjs.org/boolbase/-/boolbase-1.0.0.tgz}
    name: boolbase
    version: 1.0.0
    dev: false

  registry.npmjs.org/chalk/4.1.2:
    resolution: {integrity: sha512-oKnbhFyRIXpUuez8iBMmyEa4nbj4IOQyuhc/wy9kY7/WVPcwIO9VA668Pu8RkO7+0G76SLROeyw9CpQ061i4mA==, registry: https://registry.yarnpkg.com/, tarball: https://registry.npmjs.org/chalk/-/chalk-4.1.2.tgz}
    name: chalk
    version: 4.1.2
    engines: {node: '>=10'}
    dependencies:
      ansi-styles: registry.npmjs.org/ansi-styles/4.3.0
      supports-color: registry.npmjs.org/supports-color/7.2.0
    dev: false

  registry.npmjs.org/cheerio-select/2.1.0:
    resolution: {integrity: sha512-9v9kG0LvzrlcungtnJtpGNxY+fzECQKhK4EGJX2vByejiMX84MFNQw4UxPJl3bFbTMw+Dfs37XaIkCwTZfLh4g==, registry: https://registry.yarnpkg.com/, tarball: https://registry.npmjs.org/cheerio-select/-/cheerio-select-2.1.0.tgz}
    name: cheerio-select
    version: 2.1.0
    dependencies:
      boolbase: registry.npmjs.org/boolbase/1.0.0
      css-select: registry.npmjs.org/css-select/5.1.0
      css-what: registry.npmjs.org/css-what/6.1.0
      domelementtype: registry.npmjs.org/domelementtype/2.3.0
      domhandler: registry.npmjs.org/domhandler/5.0.3
      domutils: registry.npmjs.org/domutils/3.0.1
    dev: false

  registry.npmjs.org/cheerio/1.0.0-rc.12:
    resolution: {integrity: sha512-VqR8m68vM46BNnuZ5NtnGBKIE/DfN0cRIzg9n40EIq9NOv90ayxLBXA8fXC5gquFRGJSTRqBq25Jt2ECLR431Q==, registry: https://registry.yarnpkg.com/, tarball: https://registry.npmjs.org/cheerio/-/cheerio-1.0.0-rc.12.tgz}
    name: cheerio
    version: 1.0.0-rc.12
    engines: {node: '>= 6'}
    dependencies:
      cheerio-select: registry.npmjs.org/cheerio-select/2.1.0
      dom-serializer: registry.npmjs.org/dom-serializer/2.0.0
      domhandler: registry.npmjs.org/domhandler/5.0.3
      domutils: registry.npmjs.org/domutils/3.0.1
      htmlparser2: registry.npmjs.org/htmlparser2/8.0.1
      parse5: registry.npmjs.org/parse5/7.0.0
      parse5-htmlparser2-tree-adapter: registry.npmjs.org/parse5-htmlparser2-tree-adapter/7.0.0
    dev: false

  registry.npmjs.org/cli-cursor/3.1.0:
    resolution: {integrity: sha512-I/zHAwsKf9FqGoXM4WWRACob9+SNukZTd94DWF57E4toouRulbCxcUh6RKUEOQlYTHJnzkPMySvPNaaSLNfLZw==, registry: https://registry.yarnpkg.com/, tarball: https://registry.npmjs.org/cli-cursor/-/cli-cursor-3.1.0.tgz}
    name: cli-cursor
    version: 3.1.0
    engines: {node: '>=8'}
    dependencies:
      restore-cursor: registry.npmjs.org/restore-cursor/3.1.0
    dev: false

  registry.npmjs.org/cli-spinners/2.7.0:
    resolution: {integrity: sha512-qu3pN8Y3qHNgE2AFweciB1IfMnmZ/fsNTEE+NOFjmGB2F/7rLhnhzppvpCnN4FovtP26k8lHyy9ptEbNwWFLzw==, registry: https://registry.yarnpkg.com/, tarball: https://registry.npmjs.org/cli-spinners/-/cli-spinners-2.7.0.tgz}
    name: cli-spinners
    version: 2.7.0
    engines: {node: '>=6'}
    dev: false

  registry.npmjs.org/clone/1.0.4:
    resolution: {integrity: sha512-JQHZ2QMW6l3aH/j6xCqQThY/9OH4D/9ls34cgkUBiEeocRTU04tHfKPBsUK1PqZCUQM7GiA0IIXJSuXHI64Kbg==, registry: https://registry.yarnpkg.com/, tarball: https://registry.npmjs.org/clone/-/clone-1.0.4.tgz}
    name: clone
    version: 1.0.4
    engines: {node: '>=0.8'}
    dev: false

  registry.npmjs.org/color-convert/2.0.1:
    resolution: {integrity: sha512-RRECPsj7iu/xb5oKYcsFHSppFNnsj/52OVTRKb4zP5onXwVF3zVmmToNcOfGC+CRDpfK/U584fMg38ZHCaElKQ==, registry: https://registry.yarnpkg.com/, tarball: https://registry.npmjs.org/color-convert/-/color-convert-2.0.1.tgz}
    name: color-convert
    version: 2.0.1
    engines: {node: '>=7.0.0'}
    dependencies:
      color-name: registry.npmjs.org/color-name/1.1.4
    dev: false

  registry.npmjs.org/color-name/1.1.4:
    resolution: {integrity: sha512-dOy+3AuW3a2wNbZHIuMZpTcgjGuLU/uBL/ubcZF9OXbDo8ff4O8yVp5Bf0efS8uEoYo5q4Fx7dY9OgQGXgAsQA==, registry: https://registry.yarnpkg.com/, tarball: https://registry.npmjs.org/color-name/-/color-name-1.1.4.tgz}
    name: color-name
    version: 1.1.4
    dev: false

  registry.npmjs.org/combined-stream/1.0.8:
    resolution: {integrity: sha512-FQN4MRfuJeHf7cBbBMJFXhKSDq+2kAArBlmRBvcvFE5BB1HZKXtSFASDhdlz9zOYwxh8lDdnvmMOe/+5cdoEdg==, registry: https://registry.yarnpkg.com/, tarball: https://registry.npmjs.org/combined-stream/-/combined-stream-1.0.8.tgz}
    name: combined-stream
    version: 1.0.8
    engines: {node: '>= 0.8'}
    dependencies:
      delayed-stream: registry.npmjs.org/delayed-stream/1.0.0
    dev: false

  registry.npmjs.org/css-select/5.1.0:
    resolution: {integrity: sha512-nwoRF1rvRRnnCqqY7updORDsuqKzqYJ28+oSMaJMMgOauh3fvwHqMS7EZpIPqK8GL+g9mKxF1vP/ZjSeNjEVHg==, registry: https://registry.yarnpkg.com/, tarball: https://registry.npmjs.org/css-select/-/css-select-5.1.0.tgz}
    name: css-select
    version: 5.1.0
    dependencies:
      boolbase: registry.npmjs.org/boolbase/1.0.0
      css-what: registry.npmjs.org/css-what/6.1.0
      domhandler: registry.npmjs.org/domhandler/5.0.3
      domutils: registry.npmjs.org/domutils/3.0.1
      nth-check: registry.npmjs.org/nth-check/2.1.1
    dev: false

  registry.npmjs.org/css-what/6.1.0:
    resolution: {integrity: sha512-HTUrgRJ7r4dsZKU6GjmpfRK1O76h97Z8MfS1G0FozR+oF2kG6Vfe8JE6zwrkbxigziPHinCJ+gCPjA9EaBDtRw==, registry: https://registry.yarnpkg.com/, tarball: https://registry.npmjs.org/css-what/-/css-what-6.1.0.tgz}
    name: css-what
    version: 6.1.0
    engines: {node: '>= 6'}
    dev: false

  registry.npmjs.org/defaults/1.0.3:
    resolution: {integrity: sha512-s82itHOnYrN0Ib8r+z7laQz3sdE+4FP3d9Q7VLO7U+KRT+CR0GsWuyHxzdAY82I7cXv0G/twrqomTJLOssO5HA==, registry: https://registry.yarnpkg.com/, tarball: https://registry.npmjs.org/defaults/-/defaults-1.0.3.tgz}
    name: defaults
    version: 1.0.3
    dependencies:
      clone: registry.npmjs.org/clone/1.0.4
    dev: false

  registry.npmjs.org/delayed-stream/1.0.0:
    resolution: {integrity: sha512-ZySD7Nf91aLB0RxL4KGrKHBXl7Eds1DAmEdcoVawXnLD7SDhpNgtuII2aAkg7a7QS41jxPSZ17p4VdGnMHk3MQ==, registry: https://registry.yarnpkg.com/, tarball: https://registry.npmjs.org/delayed-stream/-/delayed-stream-1.0.0.tgz}
    name: delayed-stream
    version: 1.0.0
    engines: {node: '>=0.4.0'}
    dev: false

  registry.npmjs.org/dom-serializer/2.0.0:
    resolution: {integrity: sha512-wIkAryiqt/nV5EQKqQpo3SToSOV9J0DnbJqwK7Wv/Trc92zIAYZ4FlMu+JPFW1DfGFt81ZTCGgDEabffXeLyJg==, registry: https://registry.yarnpkg.com/, tarball: https://registry.npmjs.org/dom-serializer/-/dom-serializer-2.0.0.tgz}
    name: dom-serializer
    version: 2.0.0
    dependencies:
      domelementtype: registry.npmjs.org/domelementtype/2.3.0
      domhandler: registry.npmjs.org/domhandler/5.0.3
      entities: registry.npmjs.org/entities/4.3.1
    dev: false

  registry.npmjs.org/domelementtype/2.3.0:
    resolution: {integrity: sha512-OLETBj6w0OsagBwdXnPdN0cnMfF9opN69co+7ZrbfPGrdpPVNBUj02spi6B1N7wChLQiPn4CSH/zJvXw56gmHw==, registry: https://registry.yarnpkg.com/, tarball: https://registry.npmjs.org/domelementtype/-/domelementtype-2.3.0.tgz}
    name: domelementtype
    version: 2.3.0
    dev: false

  registry.npmjs.org/domhandler/5.0.3:
    resolution: {integrity: sha512-cgwlv/1iFQiFnU96XXgROh8xTeetsnJiDsTc7TYCLFd9+/WNkIqPTxiM/8pSd8VIrhXGTf1Ny1q1hquVqDJB5w==, registry: https://registry.yarnpkg.com/, tarball: https://registry.npmjs.org/domhandler/-/domhandler-5.0.3.tgz}
    name: domhandler
    version: 5.0.3
    engines: {node: '>= 4'}
    dependencies:
      domelementtype: registry.npmjs.org/domelementtype/2.3.0
    dev: false

  registry.npmjs.org/domutils/3.0.1:
    resolution: {integrity: sha512-z08c1l761iKhDFtfXO04C7kTdPBLi41zwOZl00WS8b5eiaebNpY00HKbztwBq+e3vyqWNwWF3mP9YLUeqIrF+Q==, registry: https://registry.yarnpkg.com/, tarball: https://registry.npmjs.org/domutils/-/domutils-3.0.1.tgz}
    name: domutils
    version: 3.0.1
    dependencies:
      dom-serializer: registry.npmjs.org/dom-serializer/2.0.0
      domelementtype: registry.npmjs.org/domelementtype/2.3.0
      domhandler: registry.npmjs.org/domhandler/5.0.3
    dev: false

  registry.npmjs.org/entities/4.3.1:
    resolution: {integrity: sha512-o4q/dYJlmyjP2zfnaWDUC6A3BQFmVTX+tZPezK7k0GLSU9QYCauscf5Y+qcEPzKL+EixVouYDgLQK5H9GrLpkg==, registry: https://registry.yarnpkg.com/, tarball: https://registry.npmjs.org/entities/-/entities-4.3.1.tgz}
    name: entities
    version: 4.3.1
    engines: {node: '>=0.12'}
    dev: false

  registry.npmjs.org/follow-redirects/1.15.1:
    resolution: {integrity: sha512-yLAMQs+k0b2m7cVxpS1VKJVvoz7SS9Td1zss3XRwXj+ZDH00RJgnuLx7E44wx02kQLrdM3aOOy+FpzS7+8OizA==, registry: https://registry.yarnpkg.com/, tarball: https://registry.npmjs.org/follow-redirects/-/follow-redirects-1.15.1.tgz}
    name: follow-redirects
    version: 1.15.1
    engines: {node: '>=4.0'}
    peerDependencies:
      debug: '*'
    peerDependenciesMeta:
      debug:
        optional: true
    dev: false

  registry.npmjs.org/form-data/4.0.0:
    resolution: {integrity: sha512-ETEklSGi5t0QMZuiXoA/Q6vcnxcLQP5vdugSpuAyi6SVGi2clPPp+xgEhuMaHC+zGgn31Kd235W35f7Hykkaww==, registry: https://registry.yarnpkg.com/, tarball: https://registry.npmjs.org/form-data/-/form-data-4.0.0.tgz}
    name: form-data
    version: 4.0.0
    engines: {node: '>= 6'}
    dependencies:
      asynckit: registry.npmjs.org/asynckit/0.4.0
      combined-stream: registry.npmjs.org/combined-stream/1.0.8
      mime-types: registry.npmjs.org/mime-types/2.1.35
    dev: false

  registry.npmjs.org/fs-extra/10.1.0:
    resolution: {integrity: sha512-oRXApq54ETRj4eMiFzGnHWGy+zo5raudjuxN0b8H7s/RU2oW0Wvsx9O0ACRN/kRq9E8Vu/ReskGB5o3ji+FzHQ==, registry: https://registry.yarnpkg.com/, tarball: https://registry.npmjs.org/fs-extra/-/fs-extra-10.1.0.tgz}
    name: fs-extra
    version: 10.1.0
    engines: {node: '>=12'}
    dependencies:
      graceful-fs: registry.npmjs.org/graceful-fs/4.2.10
      jsonfile: registry.npmjs.org/jsonfile/6.1.0
      universalify: registry.npmjs.org/universalify/2.0.0
    dev: false

  registry.npmjs.org/graceful-fs/4.2.10:
    resolution: {integrity: sha512-9ByhssR2fPVsNZj478qUUbKfmL0+t5BDVyjShtyZZLiK7ZDAArFFfopyOTj0M05wE2tJPisA4iTnnXl2YoPvOA==, registry: https://registry.yarnpkg.com/, tarball: https://registry.npmjs.org/graceful-fs/-/graceful-fs-4.2.10.tgz}
    name: graceful-fs
    version: 4.2.10
    dev: false

  registry.npmjs.org/has-flag/4.0.0:
    resolution: {integrity: sha512-EykJT/Q1KjTWctppgIAgfSO0tKVuZUjhgMr17kqTumMl6Afv3EISleU7qZUzoXDFTAHTDC4NOoG/ZxU3EvlMPQ==, registry: https://registry.yarnpkg.com/, tarball: https://registry.npmjs.org/has-flag/-/has-flag-4.0.0.tgz}
    name: has-flag
    version: 4.0.0
    engines: {node: '>=8'}
    dev: false

  registry.npmjs.org/htmlparser2/8.0.1:
    resolution: {integrity: sha512-4lVbmc1diZC7GUJQtRQ5yBAeUCL1exyMwmForWkRLnwyzWBFxN633SALPMGYaWZvKe9j1pRZJpauvmxENSp/EA==, registry: https://registry.yarnpkg.com/, tarball: https://registry.npmjs.org/htmlparser2/-/htmlparser2-8.0.1.tgz}
    name: htmlparser2
    version: 8.0.1
    dependencies:
      domelementtype: registry.npmjs.org/domelementtype/2.3.0
      domhandler: registry.npmjs.org/domhandler/5.0.3
      domutils: registry.npmjs.org/domutils/3.0.1
      entities: registry.npmjs.org/entities/4.3.1
    dev: false

  registry.npmjs.org/is-interactive/1.0.0:
    resolution: {integrity: sha512-2HvIEKRoqS62guEC+qBjpvRubdX910WCMuJTZ+I9yvqKU2/12eSL549HMwtabb4oupdj2sMP50k+XJfB/8JE6w==, registry: https://registry.yarnpkg.com/, tarball: https://registry.npmjs.org/is-interactive/-/is-interactive-1.0.0.tgz}
    name: is-interactive
    version: 1.0.0
    engines: {node: '>=8'}
    dev: false

  registry.npmjs.org/is-unicode-supported/0.1.0:
    resolution: {integrity: sha512-knxG2q4UC3u8stRGyAVJCOdxFmv5DZiRcdlIaAQXAbSfJya+OhopNotLQrstBhququ4ZpuKbDc/8S6mgXgPFPw==, registry: https://registry.yarnpkg.com/, tarball: https://registry.npmjs.org/is-unicode-supported/-/is-unicode-supported-0.1.0.tgz}
    name: is-unicode-supported
    version: 0.1.0
    engines: {node: '>=10'}
    dev: false

  registry.npmjs.org/jsonfile/6.1.0:
    resolution: {integrity: sha512-5dgndWOriYSm5cnYaJNhalLNDKOqFwyDB/rr1E9ZsGciGvKPs8R2xYGCacuf3z6K1YKDz182fd+fY3cn3pMqXQ==, registry: https://registry.yarnpkg.com/, tarball: https://registry.npmjs.org/jsonfile/-/jsonfile-6.1.0.tgz}
    name: jsonfile
    version: 6.1.0
    dependencies:
      universalify: registry.npmjs.org/universalify/2.0.0
    optionalDependencies:
      graceful-fs: registry.npmjs.org/graceful-fs/4.2.10
    dev: false

  registry.npmjs.org/log-symbols/4.1.0:
    resolution: {integrity: sha512-8XPvpAA8uyhfteu8pIvQxpJZ7SYYdpUivZpGy6sFsBuKRY/7rQGavedeB8aK+Zkyq6upMFVL/9AW6vOYzfRyLg==, registry: https://registry.yarnpkg.com/, tarball: https://registry.npmjs.org/log-symbols/-/log-symbols-4.1.0.tgz}
    name: log-symbols
    version: 4.1.0
    engines: {node: '>=10'}
    dependencies:
      chalk: registry.npmjs.org/chalk/4.1.2
      is-unicode-supported: registry.npmjs.org/is-unicode-supported/0.1.0
    dev: false

  registry.npmjs.org/mime-db/1.52.0:
    resolution: {integrity: sha512-sPU4uV7dYlvtWJxwwxHD0PuihVNiE7TyAbQ5SWxDCB9mUYvOgroQOwYQQOKPJ8CIbE+1ETVlOoK1UC2nU3gYvg==, registry: https://registry.yarnpkg.com/, tarball: https://registry.npmjs.org/mime-db/-/mime-db-1.52.0.tgz}
    name: mime-db
    version: 1.52.0
    engines: {node: '>= 0.6'}
    dev: false

  registry.npmjs.org/mime-types/2.1.35:
    resolution: {integrity: sha512-ZDY+bPm5zTTF+YpCrAU9nK0UgICYPT0QtT1NZWFv4s++TNkcgVaT0g6+4R2uI4MjQjzysHB1zxuWL50hzaeXiw==, registry: https://registry.yarnpkg.com/, tarball: https://registry.npmjs.org/mime-types/-/mime-types-2.1.35.tgz}
    name: mime-types
    version: 2.1.35
    engines: {node: '>= 0.6'}
    dependencies:
      mime-db: registry.npmjs.org/mime-db/1.52.0
    dev: false

  registry.npmjs.org/mimic-fn/2.1.0:
    resolution: {integrity: sha512-OqbOk5oEQeAZ8WXWydlu9HJjz9WVdEIvamMCcXmuqUYjTknH/sqsWvhQ3vgwKFRR1HpjvNBKQ37nbJgYzGqGcg==, registry: https://registry.yarnpkg.com/, tarball: https://registry.npmjs.org/mimic-fn/-/mimic-fn-2.1.0.tgz}
    name: mimic-fn
    version: 2.1.0
    engines: {node: '>=6'}
    dev: false

  registry.npmjs.org/mute-stream/0.0.8:
    resolution: {integrity: sha512-nnbWWOkoWyUsTjKrhgD0dcz22mdkSnpYqbEjIm2nhwhuxlSkpywJmBo8h0ZqJdkp73mb90SssHkN4rsRaBAfAA==, registry: https://registry.yarnpkg.com/, tarball: https://registry.npmjs.org/mute-stream/-/mute-stream-0.0.8.tgz}
    name: mute-stream
    version: 0.0.8
    dev: false

  registry.npmjs.org/nth-check/2.1.1:
    resolution: {integrity: sha512-lqjrjmaOoAnWfMmBPL+XNnynZh2+swxiX3WUE0s4yEHI6m+AwrK2UZOimIRl3X/4QctVqS8AiZjFqyOGrMXb/w==, registry: https://registry.yarnpkg.com/, tarball: https://registry.npmjs.org/nth-check/-/nth-check-2.1.1.tgz}
    name: nth-check
    version: 2.1.1
    dependencies:
      boolbase: registry.npmjs.org/boolbase/1.0.0
    dev: false

  registry.npmjs.org/onetime/5.1.2:
    resolution: {integrity: sha512-kbpaSSGJTWdAY5KPVeMOKXSrPtr8C8C7wodJbcsd51jRnmD+GZu8Y0VoU6Dm5Z4vWr0Ig/1NKuWRKf7j5aaYSg==, registry: https://registry.yarnpkg.com/, tarball: https://registry.npmjs.org/onetime/-/onetime-5.1.2.tgz}
    name: onetime
    version: 5.1.2
    engines: {node: '>=6'}
    dependencies:
      mimic-fn: registry.npmjs.org/mimic-fn/2.1.0
    dev: false

  registry.npmjs.org/ora/5.1.0:
    resolution: {integrity: sha512-9tXIMPvjZ7hPTbk8DFq1f7Kow/HU/pQYB60JbNq+QnGwcyhWVZaQ4hM9zQDEsPxw/muLpgiHSaumUZxCAmod/w==, registry: https://registry.yarnpkg.com/, tarball: https://registry.npmjs.org/ora/-/ora-5.1.0.tgz}
    name: ora
    version: 5.1.0
    engines: {node: '>=10'}
    dependencies:
      chalk: registry.npmjs.org/chalk/4.1.2
      cli-cursor: registry.npmjs.org/cli-cursor/3.1.0
      cli-spinners: registry.npmjs.org/cli-spinners/2.7.0
      is-interactive: registry.npmjs.org/is-interactive/1.0.0
      log-symbols: registry.npmjs.org/log-symbols/4.1.0
      mute-stream: registry.npmjs.org/mute-stream/0.0.8
      strip-ansi: registry.npmjs.org/strip-ansi/6.0.1
      wcwidth: registry.npmjs.org/wcwidth/1.0.1
    dev: false

  registry.npmjs.org/parse5-htmlparser2-tree-adapter/7.0.0:
    resolution: {integrity: sha512-B77tOZrqqfUfnVcOrUvfdLbz4pu4RopLD/4vmu3HUPswwTA8OH0EMW9BlWR2B0RCoiZRAHEUu7IxeP1Pd1UU+g==, registry: https://registry.yarnpkg.com/, tarball: https://registry.npmjs.org/parse5-htmlparser2-tree-adapter/-/parse5-htmlparser2-tree-adapter-7.0.0.tgz}
    name: parse5-htmlparser2-tree-adapter
    version: 7.0.0
    dependencies:
      domhandler: registry.npmjs.org/domhandler/5.0.3
      parse5: registry.npmjs.org/parse5/7.0.0
    dev: false

  registry.npmjs.org/parse5/7.0.0:
    resolution: {integrity: sha512-y/t8IXSPWTuRZqXc0ajH/UwDj4mnqLEbSttNbThcFhGrZuOyoyvNBO85PBp2jQa55wY9d07PBNjsK8ZP3K5U6g==, registry: https://registry.yarnpkg.com/, tarball: https://registry.npmjs.org/parse5/-/parse5-7.0.0.tgz}
    name: parse5
    version: 7.0.0
    dependencies:
      entities: registry.npmjs.org/entities/4.3.1
    dev: false

  registry.npmjs.org/restore-cursor/3.1.0:
    resolution: {integrity: sha512-l+sSefzHpj5qimhFSE5a8nufZYAM3sBSVMAPtYkmC+4EH2anSGaEMXSD0izRQbu9nfyQ9y5JrVmp7E8oZrUjvA==, registry: https://registry.yarnpkg.com/, tarball: https://registry.npmjs.org/restore-cursor/-/restore-cursor-3.1.0.tgz}
    name: restore-cursor
    version: 3.1.0
    engines: {node: '>=8'}
    dependencies:
      onetime: registry.npmjs.org/onetime/5.1.2
      signal-exit: registry.npmjs.org/signal-exit/3.0.7
    dev: false

  registry.npmjs.org/signal-exit/3.0.7:
    resolution: {integrity: sha512-wnD2ZE+l+SPC/uoS0vXeE9L1+0wuaMqKlfz9AMUo38JsyLSBWSFcHR1Rri62LZc12vLr1gb3jl7iwQhgwpAbGQ==, registry: https://registry.yarnpkg.com/, tarball: https://registry.npmjs.org/signal-exit/-/signal-exit-3.0.7.tgz}
    name: signal-exit
    version: 3.0.7
    dev: false

  registry.npmjs.org/strip-ansi/6.0.1:
    resolution: {integrity: sha512-Y38VPSHcqkFrCpFnQ9vuSXmquuv5oXOKpGeT6aGrr3o3Gc9AlVa6JBfUSOCnbxGGZF+/0ooI7KrPuUSztUdU5A==, registry: https://registry.yarnpkg.com/, tarball: https://registry.npmjs.org/strip-ansi/-/strip-ansi-6.0.1.tgz}
    name: strip-ansi
    version: 6.0.1
    engines: {node: '>=8'}
    dependencies:
      ansi-regex: registry.npmjs.org/ansi-regex/5.0.1
    dev: false

  registry.npmjs.org/supports-color/7.2.0:
    resolution: {integrity: sha512-qpCAvRl9stuOHveKsn7HncJRvv501qIacKzQlO/+Lwxc9+0q2wLyv4Dfvt80/DPn2pqOBsJdDiogXGR9+OvwRw==, registry: https://registry.yarnpkg.com/, tarball: https://registry.npmjs.org/supports-color/-/supports-color-7.2.0.tgz}
    name: supports-color
    version: 7.2.0
    engines: {node: '>=8'}
    dependencies:
      has-flag: registry.npmjs.org/has-flag/4.0.0
    dev: false

  registry.npmjs.org/universalify/2.0.0:
    resolution: {integrity: sha512-hAZsKq7Yy11Zu1DE0OzWjw7nnLZmJZYTDZZyEFHZdUhV8FkH5MCfoU1XMaxXovpyW5nq5scPqq0ZDP9Zyl04oQ==, registry: https://registry.yarnpkg.com/, tarball: https://registry.npmjs.org/universalify/-/universalify-2.0.0.tgz}
    name: universalify
    version: 2.0.0
    engines: {node: '>= 10.0.0'}
    dev: false

  registry.npmjs.org/wcwidth/1.0.1:
    resolution: {integrity: sha512-XHPEwS0q6TaxcvG85+8EYkbiCux2XtWG2mkc47Ng2A77BQu9+DqIOJldST4HgPkuea7dvKSj5VgX3P1d4rW8Tg==, registry: https://registry.yarnpkg.com/, tarball: https://registry.npmjs.org/wcwidth/-/wcwidth-1.0.1.tgz}
    name: wcwidth
    version: 1.0.1
    dependencies:
      defaults: registry.npmjs.org/defaults/1.0.3
    dev: false
